
Microsoft Visual Studio Solution File, Format Version 12.00
Project("{FAE04EC0-301F-11D3-BF4B-00C04F79EFBC}") = "BuildArrayFromGivenArray", "BuildArrayFromGivenArray\BuildArrayFromGivenArray.csproj", "{0DAB117A-001B-465D-AC66-3220638B6A93}"
EndProject
Global
	GlobalSection(SolutionConfigurationPlatforms) = preSolution
		Debug|Any CPU = Debug|Any CPU
		Release|Any CPU = Release|Any CPU
	EndGlobalSection
	GlobalSection(ProjectConfigurationPlatforms) = postSolution
		{0DAB117A-001B-465D-AC66-3220638B6A93}.Debug|Any CPU.ActiveCfg = Debug|Any CPU
		{0DAB117A-001B-465D-AC66-3220638B6A93}.Debug|Any CPU.Build.0 = Debug|Any CPU
		{0DAB117A-001B-465D-AC66-3220638B6A93}.Release|Any CPU.ActiveCfg = Release|Any CPU
		{0DAB117A-001B-465D-AC66-3220638B6A93}.Release|Any CPU.Build.0 = Release|Any CPU
	EndGlobalSection
EndGlobal
